{
  "name": "random-node-test",
  "version": "1.0.0",
  "lockfileVersion": 3,
  "requires": true,
  "packages": {
    "": {
      "name": "random-node-test",
      "version": "1.0.0",
      "license": "ISC",
      "dependencies": {
        "@chainsafe/blst": "^2.2.0",
        "@chainsafe/ssz": "^0.18.0",
        "dotenv": "^16.4.5"
      }
    },
    "node_modules/@chainsafe/as-sha256": {
      "version": "0.5.0",
      "resolved": "https://registry.npmjs.org/@chainsafe/as-sha256/-/as-sha256-0.5.0.tgz",
      "integrity": "sha512-dTIY6oUZNdC5yDTVP5Qc9hAlKAsn0QTQ2DnQvvsbTnKSTbYs3p5RPN0aIUqN0liXei/9h24c7V0dkV44cnWIQA=="
    },
    "node_modules/@chainsafe/blst": {
      "version": "2.2.0",
      "resolved": "https://registry.npmjs.org/@chainsafe/blst/-/blst-2.2.0.tgz",
      "integrity": "sha512-VBaQoNE2a9d9+skAjQKv3Suk0yGKqp3mZM0YWYJNPj/Ae/f6lAyeVSgKqo2LrsNQBzD/LqrJLKUY8rJT3vDKLA==",
      "engines": {
        "node": ">= 16"
      },
      "optionalDependencies": {
        "@chainsafe/blst-darwin-arm64": "2.2.0",
        "@chainsafe/blst-darwin-x64": "2.2.0",
        "@chainsafe/blst-linux-arm64-gnu": "2.2.0",
        "@chainsafe/blst-linux-arm64-musl": "2.2.0",
        "@chainsafe/blst-linux-x64-gnu": "2.2.0",
        "@chainsafe/blst-linux-x64-musl": "2.2.0",
        "@chainsafe/blst-win32-x64-msvc": "2.2.0"
      }
    },
    "node_modules/@chainsafe/blst-darwin-arm64": {
      "version": "2.2.0",
      "resolved": "https://registry.npmjs.org/@chainsafe/blst-darwin-arm64/-/blst-darwin-arm64-2.2.0.tgz",
      "integrity": "sha512-BOOy2KHbV028cioPWaAMqHdLRKd6/3XyEmUEcQC2E/SpyYLdNcaKiBUYIU4pT9CrWBbJJxX68UI+3vZVg0M8/w==",
      "cpu": [
        "arm64"
      ],
      "optional": true,
      "os": [
        "darwin"
      ],
      "engines": {
        "node": ">= 16"
      }
    },
    "node_modules/@chainsafe/blst-darwin-x64": {
      "version": "2.2.0",
      "resolved": "https://registry.npmjs.org/@chainsafe/blst-darwin-x64/-/blst-darwin-x64-2.2.0.tgz",
      "integrity": "sha512-jG64cwIdPT7u/haRrW26tWCpfMfHBQCfGY169mFQifCwO4VEwvaiVBPOh5olFis6LjpcmD+O0jpM8GqrnsmUHQ==",
      "cpu": [
        "x64"
      ],
      "optional": true,
      "os": [
        "darwin"
      ],
      "engines": {
        "node": ">= 16"
      }
    },
    "node_modules/@chainsafe/blst-linux-arm64-gnu": {
      "version": "2.2.0",
      "resolved": "https://registry.npmjs.org/@chainsafe/blst-linux-arm64-gnu/-/blst-linux-arm64-gnu-2.2.0.tgz",
      "integrity": "sha512-L8xV2uuLn8we76vdzfryS9ePdheuZrmY6yArGUFaF1Uzcwml6V1/VvyPl9/uooo/YfVRIrvF/D+lQfI2GFAnhw==",
      "cpu": [
        "arm64"
      ],
      "optional": true,
      "os": [
        "linux"
      ],
      "engines": {
        "node": ">= 16"
      }
    },
    "node_modules/@chainsafe/blst-linux-arm64-musl": {
      "version": "2.2.0",
      "resolved": "https://registry.npmjs.org/@chainsafe/blst-linux-arm64-musl/-/blst-linux-arm64-musl-2.2.0.tgz",
      "integrity": "sha512-0Vn0luxLYVgC3lvWT1MapFHSAoz99PldqjhilXTGv0AcAk/X5LXPH2RC9Dp2KJGqthyUkpbk1j47jUBfBI+BIg==",
      "cpu": [
        "arm64"
      ],
      "optional": true,
      "os": [
        "linux"
      ],
      "engines": {
        "node": ">= 16"
      }
    },
    "node_modules/@chainsafe/blst-linux-x64-gnu": {
      "version": "2.2.0",
      "resolved": "https://registry.npmjs.org/@chainsafe/blst-linux-x64-gnu/-/blst-linux-x64-gnu-2.2.0.tgz",
      "integrity": "sha512-gEY/z2SDBA7kXtFEI9VNhWTJAIjx16jdeAyCaS2k4ACGurWZaWk+Ee4KniTsr4WieSqeuNTUr7Pdja0Sr4EKNQ==",
      "cpu": [
        "x64"
      ],
      "optional": true,
      "os": [
        "linux"
      ],
      "engines": {
        "node": ">= 16"
      }
    },
    "node_modules/@chainsafe/blst-linux-x64-musl": {
      "version": "2.2.0",
      "resolved": "https://registry.npmjs.org/@chainsafe/blst-linux-x64-musl/-/blst-linux-x64-musl-2.2.0.tgz",
      "integrity": "sha512-58GKtiUmtVSuerRzPEcMNQZpICPboBKFnL7+1Wo+PSuajkvbae7tEFrFTtWeMoKIPgOEsPMnk96LF+0yNgavUg==",
      "cpu": [
        "x64"
      ],
      "optional": true,
      "os": [
        "linux"
      ],
      "engines": {
        "node": ">= 16"
      }
    },
    "node_modules/@chainsafe/blst-win32-x64-msvc": {
      "version": "2.2.0",
      "resolved": "https://registry.npmjs.org/@chainsafe/blst-win32-x64-msvc/-/blst-win32-x64-msvc-2.2.0.tgz",
      "integrity": "sha512-UFrZshl4dfX5Uh2zeKXAZtrkQ+otczHMON2tsrapQNICWmfHZrzE6pKuBL+9QeGAbgflwpbz7+D5nQRDpiuHxQ==",
      "cpu": [
        "x64"
      ],
      "optional": true,
      "os": [
        "win32"
      ],
      "engines": {
        "node": ">= 16"
      }
    },
    "node_modules/@chainsafe/hashtree": {
      "version": "1.0.1",
      "resolved": "https://registry.npmjs.org/@chainsafe/hashtree/-/hashtree-1.0.1.tgz",
      "integrity": "sha512-bleu9FjqBeR/l6W1u2Lz+HsS0b0LLJX2eUt3hOPBN7VqOhidx8wzkVh2S7YurS+iTQtfdK4K5QU9tcTGNrGwDg==",
      "engines": {
        "node": ">= 18"
      },
      "optionalDependencies": {
        "@chainsafe/hashtree-darwin-arm64": "1.0.1",
        "@chainsafe/hashtree-linux-arm64-gnu": "1.0.1",
        "@chainsafe/hashtree-linux-x64-gnu": "1.0.1"
      }
    },
    "node_modules/@chainsafe/hashtree-darwin-arm64": {
      "version": "1.0.1",
      "resolved": "https://registry.npmjs.org/@chainsafe/hashtree-darwin-arm64/-/hashtree-darwin-arm64-1.0.1.tgz",
      "integrity": "sha512-+KmEgQMpO7FDL3klAcpXbQ4DPZvfCe0qSaBBrtT4vLF8V1JGm3sp+j7oibtxtOsLKz7nJMiK1pZExi7vjXu8og==",
      "cpu": [
        "arm64"
      ],
      "optional": true,
      "os": [
        "darwin"
      ],
      "engines": {
        "node": ">= 10"
      }
    },
    "node_modules/@chainsafe/hashtree-linux-arm64-gnu": {
      "version": "1.0.1",
      "resolved": "https://registry.npmjs.org/@chainsafe/hashtree-linux-arm64-gnu/-/hashtree-linux-arm64-gnu-1.0.1.tgz",
      "integrity": "sha512-p1hnhGq2aFY+Zhdn1Q6L/6yLYNKjqXfn/Pc8jiM0e3+Lf/hB+yCdqYVu1pto26BrZjugCFZfupHaL4DjUTDttw==",
      "cpu": [
        "arm64"
      ],
      "optional": true,
      "os": [
        "linux"
      ],
      "engines": {
        "node": ">= 10"
      }
    },
    "node_modules/@chainsafe/hashtree-linux-x64-gnu": {
      "version": "1.0.1",
      "resolved": "https://registry.npmjs.org/@chainsafe/hashtree-linux-x64-gnu/-/hashtree-linux-x64-gnu-1.0.1.tgz",
      "integrity": "sha512-uCIGuUWuWV0LiB4KLMy6JFa7Jp6NmPl3hKF5BYWu8TzUBe7vSXMZfqTzGxXPggFYN2/0KymfRdG9iDCOJfGRqg==",
      "cpu": [
        "x64"
      ],
      "optional": true,
      "os": [
        "linux"
      ],
      "engines": {
        "node": ">= 10"
      }
    },
    "node_modules/@chainsafe/persistent-merkle-tree": {
      "version": "0.8.0",
      "resolved": "https://registry.npmjs.org/@chainsafe/persistent-merkle-tree/-/persistent-merkle-tree-0.8.0.tgz",
      "integrity": "sha512-hh6C1JO6SKlr0QGNTNtTLqgGVMA/Bc20wD6CeMHp+wqbFKCULRJuBUxhF4WDx/7mX8QlqF3nFriF/Eo8oYJ4/A==",
      "dependencies": {
        "@chainsafe/as-sha256": "0.5.0",
        "@chainsafe/hashtree": "1.0.1",
        "@noble/hashes": "^1.3.0"
      }
    },
    "node_modules/@chainsafe/ssz": {
      "version": "0.18.0",
      "resolved": "https://registry.npmjs.org/@chainsafe/ssz/-/ssz-0.18.0.tgz",
      "integrity": "sha512-1ikTjk3JK6+fsGWiT5IvQU0AP6gF3fDzGmPfkKthbcbgTUR8fjB83Ywp9ko/ZoiDGfrSFkATgT4hvRzclu0IAA==",
      "dependencies": {
        "@chainsafe/as-sha256": "0.5.0",
        "@chainsafe/persistent-merkle-tree": "0.8.0"
      }
    },
    "node_modules/@noble/hashes": {
      "version": "1.5.0",
      "resolved": "https://registry.npmjs.org/@noble/hashes/-/hashes-1.5.0.tgz",
      "integrity": "sha512-1j6kQFb7QRru7eKN3ZDvRcP13rugwdxZqCjbiAVZfIJwgj2A65UmT4TgARXGlXgnRkORLTDTrO19ZErt7+QXgA==",
      "engines": {
        "node": "^14.21.3 || >=16"
      },
      "funding": {
        "url": "https://paulmillr.com/funding/"
      }
    },
    "node_modules/dotenv": {
      "version": "16.4.5",
      "resolved": "https://registry.npmjs.org/dotenv/-/dotenv-16.4.5.tgz",
      "integrity": "sha512-ZmdL2rui+eB2YwhsWzjInR8LldtZHGDoQ1ugH85ppHKwpUHL7j7rN0Ti9NCnGiQbhaZ11FpR+7ao1dNsmduNUg==",
      "engines": {
        "node": ">=12"
      },
      "funding": {
        "url": "https://dotenvx.com"
      }
    }
  }
}
